# This file is autogenerated, do not edit; changes may be undone by the next 'dep ensure'.


[[projects]]
  branch = "master"
  name = "github.com/goiiot/libmqtt"
  packages = ["."]
  revision = "6fed8272b13b92a33fa2985d01843b22aa5e32de"

[[projects]]
  name = "github.com/google/uuid"
  packages = ["."]
  revision = "0cd6bf5da1e1c83f8b45653022c74f71af0538a4"
  version = "v1.1.1"

[[projects]]
  name = "github.com/hemtjanst/bibliotek"
  packages = [
    "client",
    "device",
    "feature",
    "transport/mqtt"
  ]
  revision = "72407fa5fb387bea397f2d0d295bb2f7a6089077"
  version = "v0.2.0"

[solve-meta]
  analyzer-name = "dep"
  analyzer-version = 1
  inputs-digest = "cb06824f82934dbfffcab280e6f193c0d20a3a0a6d5ed08a39748837970d139e"
  solver-name = "gps-cdcl"
  solver-version = 1
